
Microsoft Visual Studio Solution File, Format Version 12.00
# Visual Studio 15
VisualStudioVersion = 15.0.26124.0
MinimumVisualStudioVersion = 15.0.26124.0
Project("{FAE04EC0-301F-11D3-BF4B-00C04F79EFBC}") = "GameTOP", "GameTOP\GameTOP.csproj", "{89982544-4246-43A7-8AEC-DCB18A08AEA3}"
EndProject
Project("{FAE04EC0-301F-11D3-BF4B-00C04F79EFBC}") = "GameTOP.lib", "GameTOP.lib\GameTOP.lib.csproj", "{213C3970-1A4C-4917-8F61-C42917BD37C4}"
EndProject
Project("{FAE04EC0-301F-11D3-BF4B-00C04F79EFBC}") = "GameTOP.Interface", "GameTOP.Interface\GameTOP.Interface.csproj", "{7347C4E1-DA2D-4231-A230-965EB845C169}"
EndProject
Global
	GlobalSection(SolutionConfigurationPlatforms) = preSolution
		Debug|Any CPU = Debug|Any CPU
		Debug|x64 = Debug|x64
		Debug|x86 = Debug|x86
		Release|Any CPU = Release|Any CPU
		Release|x64 = Release|x64
		Release|x86 = Release|x86
	EndGlobalSection
	GlobalSection(SolutionProperties) = preSolution
		HideSolutionNode = FALSE
	EndGlobalSection
	GlobalSection(ProjectConfigurationPlatforms) = postSolution
		{89982544-4246-43A7-8AEC-DCB18A08AEA3}.Debug|Any CPU.ActiveCfg = Debug|Any CPU
		{89982544-4246-43A7-8AEC-DCB18A08AEA3}.Debug|Any CPU.Build.0 = Debug|Any CPU
		{89982544-4246-43A7-8AEC-DCB18A08AEA3}.Debug|x64.ActiveCfg = Debug|Any CPU
		{89982544-4246-43A7-8AEC-DCB18A08AEA3}.Debug|x64.Build.0 = Debug|Any CPU
		{89982544-4246-43A7-8AEC-DCB18A08AEA3}.Debug|x86.ActiveCfg = Debug|Any CPU
		{89982544-4246-43A7-8AEC-DCB18A08AEA3}.Debug|x86.Build.0 = Debug|Any CPU
		{89982544-4246-43A7-8AEC-DCB18A08AEA3}.Release|Any CPU.ActiveCfg = Release|Any CPU
		{89982544-4246-43A7-8AEC-DCB18A08AEA3}.Release|Any CPU.Build.0 = Release|Any CPU
		{89982544-4246-43A7-8AEC-DCB18A08AEA3}.Release|x64.ActiveCfg = Release|Any CPU
		{89982544-4246-43A7-8AEC-DCB18A08AEA3}.Release|x64.Build.0 = Release|Any CPU
		{89982544-4246-43A7-8AEC-DCB18A08AEA3}.Release|x86.ActiveCfg = Release|Any CPU
		{89982544-4246-43A7-8AEC-DCB18A08AEA3}.Release|x86.Build.0 = Release|Any CPU
		{213C3970-1A4C-4917-8F61-C42917BD37C4}.Debug|Any CPU.ActiveCfg = Debug|Any CPU
		{213C3970-1A4C-4917-8F61-C42917BD37C4}.Debug|Any CPU.Build.0 = Debug|Any CPU
		{213C3970-1A4C-4917-8F61-C42917BD37C4}.Debug|x64.ActiveCfg = Debug|Any CPU
		{213C3970-1A4C-4917-8F61-C42917BD37C4}.Debug|x64.Build.0 = Debug|Any CPU
		{213C3970-1A4C-4917-8F61-C42917BD37C4}.Debug|x86.ActiveCfg = Debug|Any CPU
		{213C3970-1A4C-4917-8F61-C42917BD37C4}.Debug|x86.Build.0 = Debug|Any CPU
		{213C3970-1A4C-4917-8F61-C42917BD37C4}.Release|Any CPU.ActiveCfg = Release|Any CPU
		{213C3970-1A4C-4917-8F61-C42917BD37C4}.Release|Any CPU.Build.0 = Release|Any CPU
		{213C3970-1A4C-4917-8F61-C42917BD37C4}.Release|x64.ActiveCfg = Release|Any CPU
		{213C3970-1A4C-4917-8F61-C42917BD37C4}.Release|x64.Build.0 = Release|Any CPU
		{213C3970-1A4C-4917-8F61-C42917BD37C4}.Release|x86.ActiveCfg = Release|Any CPU
		{213C3970-1A4C-4917-8F61-C42917BD37C4}.Release|x86.Build.0 = Release|Any CPU
		{7347C4E1-DA2D-4231-A230-965EB845C169}.Debug|Any CPU.ActiveCfg = Debug|Any CPU
		{7347C4E1-DA2D-4231-A230-965EB845C169}.Debug|Any CPU.Build.0 = Debug|Any CPU
		{7347C4E1-DA2D-4231-A230-965EB845C169}.Debug|x64.ActiveCfg = Debug|Any CPU
		{7347C4E1-DA2D-4231-A230-965EB845C169}.Debug|x64.Build.0 = Debug|Any CPU
		{7347C4E1-DA2D-4231-A230-965EB845C169}.Debug|x86.ActiveCfg = Debug|Any CPU
		{7347C4E1-DA2D-4231-A230-965EB845C169}.Debug|x86.Build.0 = Debug|Any CPU
		{7347C4E1-DA2D-4231-A230-965EB845C169}.Release|Any CPU.ActiveCfg = Release|Any CPU
		{7347C4E1-DA2D-4231-A230-965EB845C169}.Release|Any CPU.Build.0 = Release|Any CPU
		{7347C4E1-DA2D-4231-A230-965EB845C169}.Release|x64.ActiveCfg = Release|Any CPU
		{7347C4E1-DA2D-4231-A230-965EB845C169}.Release|x64.Build.0 = Release|Any CPU
		{7347C4E1-DA2D-4231-A230-965EB845C169}.Release|x86.ActiveCfg = Release|Any CPU
		{7347C4E1-DA2D-4231-A230-965EB845C169}.Release|x86.Build.0 = Release|Any CPU
	EndGlobalSection
EndGlobal
